bitbucket.org/ww/goautoneg v0.0.0-20120707110453-75cd24fc2f2c h1:t+Ra932MCC0eeyD/vigXqMbZTzgZjd4JOfBJWC6VSMI=
bitbucket.org/ww/goautoneg v0.0.0-20120707110453-75cd24fc2f2c/go.mod h1:1vhO7Mn/FZMgOgDVGLy5X1mE6rq1HbkBdkF/yj8zkcg=
github.com/Sirupsen/logrus v0.10.0 h1:I5b9VTLOttchcwWCzzNfRDAW2EFGlEN49hyoyq6d2ZI=
github.com/Sirupsen/logrus v0.10.0/go.mod h1:rmk17hk6i8ZSAJkSDa7nOxamrG+SP4P0mm+DAvExv4U=
github.com/beorn7/perks v0.0.0-20160229213445-3ac7bf7a47d1 h1:OnJHjoVbY69GG4gclp0ngXfywigLhR6rrgUxmxQRWO4=
github.com/beorn7/perks v0.0.0-20160229213445-3ac7bf7a47d1/go.mod h1:Dwedo/Wpr24TaqPxmxbtue+5NUziq4I4S80YR8gNf3Q=
github.com/golang/protobuf v0.0.0-20160317013249-62e4364d64b3 h1:cupNavE7/NXUxNVfE/lzDUKu6qSPkVJJvMftvyMpw9E=
github.com/golang/protobuf v0.0.0-20160317013249-62e4364d64b3/go.mod h1:6lQm79b+lXiMfvg/cZm0SGofjICqVBUtrP5yJMmIC1U=
github.com/lib/pq v0.0.0-20141018205607-7175accbed18 h1:bdoB/uOme31B7rRFVQO95FKPKDvpQZENAVmJkJNYB6E=
github.com/lib/pq v0.0.0-20141018205607-7175accbed18/go.mod h1:5WUZQaWbwv1U+lTReE5YruASi9Al49XbQIvNi/34Woo=
github.com/matttproud/golang_protobuf_extensions v0.0.0-20151011102529-d0c3fe89de86 h1:b8euq5x5N/v1JqX0v2oOwj67Wz9W3lWu/YUMs/lVUK8=
github.com/matttproud/golang_protobuf_extensions v0.0.0-20151011102529-d0c3fe89de86/go.mod h1:D8He9yQNgCq6Z5Ld7szi9bcBfOoFv/3dc6xSMkL2PC0=
github.com/prometheus/client_golang v0.0.0-20150727152018-6dbab8106ed3 h1:QOrzomiUCkDeHKztMsUmJ4e8OHSs3KxTKYl20jIuecE=
github.com/prometheus/client_golang v0.0.0-20150727152018-6dbab8106ed3/go.mod h1:7SWBe2y4D6OKWSNQJUaRYU/AaXPKyh/dDVn+NZz0KFw=
github.com/prometheus/client_model v0.0.0-20150212101744-fa8ad6fec335 h1:0E/5GnGmzoDCtmzTycjGDWW33H0UBmAhR0h+FC8hWLs=
github.com/prometheus/client_model v0.0.0-20150212101744-fa8ad6fec335/go.mod h1:MbSGuTsp3dbXC40dX6PRTWyKYBIrTGTE9sqQNg2J8bo=
github.com/prometheus/log v0.0.0-20151026012452-9a3136781e1f h1:G4tJ8/52J/rRmxob3LtolevHcHhCwtxo/2VD0unNM/E=
github.com/prometheus/log v0.0.0-20151026012452-9a3136781e1f/go.mod h1:1CWrwKZ/oqmOpg817WPlG88DKb9xKdpnq009SEKTgqQ=
github.com/prometheus/procfs v0.0.0-20151029195050-406e5b7bfd82 h1:frgDnqep7lXuK5Ti+pqluLrJw/4B4EbcIwStnzhfCLY=
github.com/prometheus/procfs v0.0.0-20151029195050-406e5b7bfd82/go.mod h1:c3At6R/oaqEKCNdg8wHV1ftS6bRYblBhIjjI8uT2IGk=
golang.org/x/sys v0.0.0-20160121062356-20457ee8ea85 h1:Mxww08o0ulgxGcBSseXjdU+bQrSRY4unwJzqJc1kyDM=
golang.org/x/sys v0.0.0-20160121062356-20457ee8ea85/go.mod h1:STP8DvDyc/dI5b8T5hshtkjS+E42TnysNCUPdjciGhY=
gopkg.in/yaml.v2 v2.0.0-20151201162745-f7716cbe52ba h1:zs5kJPNmBQxScpRIdp+2eZySRHFWheLSbXfME4zAxgw=
gopkg.in/yaml.v2 v2.0.0-20151201162745-f7716cbe52ba/go.mod h1:JAlM8MvJe8wmxCU4Bli9HhUf9+ttbYbLASfIpnQbh74=
